%{"cowboy": {:package, "1.0.0"},
  "cowlib": {:package, "1.0.0"},
  "httpotion": {:git, "git://github.com/myfreeweb/httpotion.git", "c20be2e821c08e607b9c0247c83e909d178ee6c0", []},
  "ibrowse": {:git, "git://github.com/cmullaparthi/ibrowse.git", "7871e2ebe8811efb64e1917e2de455fa87e8dfe3", [tag: "v4.1.0"]},
  "plug": {:package, "0.5.3"},
  "ranch": {:package, "1.0.0"},
  "timex": {:package, "0.10.0"},
  "uuid": {:git, "git://github.com/travis/erlang-uuid.git", "f6a1cf9027e4af78b4a81201f4f6db1a822b8316", []}}
